
Microsoft Visual Studio Solution File, Format Version 12.00
# Visual Studio Version 17
VisualStudioVersion = 17.11.35222.181
MinimumVisualStudioVersion = 10.0.40219.1
Project("{8BC9CEB8-8B4A-11D0-8D11-00A0C91BC942}") = "14_ht", "14_ht.vcxproj", "{D5A22B22-CAE7-4DBD-AD16-C9C835FAD633}"
EndProject
Global
	GlobalSection(SolutionConfigurationPlatforms) = preSolution
		Debug|x64 = Debug|x64
		Debug|x86 = Debug|x86
		Release|x64 = Release|x64
		Release|x86 = Release|x86
	EndGlobalSection
	GlobalSection(ProjectConfigurationPlatforms) = postSolution
		{D5A22B22-CAE7-4DBD-AD16-C9C835FAD633}.Debug|x64.ActiveCfg = Debug|x64
		{D5A22B22-CAE7-4DBD-AD16-C9C835FAD633}.Debug|x64.Build.0 = Debug|x64
		{D5A22B22-CAE7-4DBD-AD16-C9C835FAD633}.Debug|x86.ActiveCfg = Debug|Win32
		{D5A22B22-CAE7-4DBD-AD16-C9C835FAD633}.Debug|x86.Build.0 = Debug|Win32
		{D5A22B22-CAE7-4DBD-AD16-C9C835FAD633}.Release|x64.ActiveCfg = Release|x64
		{D5A22B22-CAE7-4DBD-AD16-C9C835FAD633}.Release|x64.Build.0 = Release|x64
		{D5A22B22-CAE7-4DBD-AD16-C9C835FAD633}.Release|x86.ActiveCfg = Release|Win32
		{D5A22B22-CAE7-4DBD-AD16-C9C835FAD633}.Release|x86.Build.0 = Release|Win32
	EndGlobalSection
	GlobalSection(SolutionProperties) = preSolution
		HideSolutionNode = FALSE
	EndGlobalSection
	GlobalSection(ExtensibilityGlobals) = postSolution
		SolutionGuid = {46872FC8-0792-421A-BD1B-34D7A9EDD02B}
	EndGlobalSection
EndGlobal
